// !$*UTF8*$!
{
	archiveVersion = 1;
	classes = {
	};
	objectVersion = 46;
	objects = {

/* Begin PBXBuildFile section */
		24A83AC7148202770098A6E8 /* Foundation.framework in Frameworks */ = {isa = PBXBuildFile; fileRef = 24A83AC6148202770098A6E8 /* Foundation.framework */; };
		24A83ACD148202770098A6E8 /* STFacebook.m in Sources */ = {isa = PBXBuildFile; fileRef = 24A83ACC148202770098A6E8 /* STFacebook.m */; };
/* End PBXBuildFile section */

/* Begin PBXContainerItemProxy section */
		24B71DA5148280C500898393 /* PBXContainerItemProxy */ = {
			isa = PBXContainerItemProxy;
			containerPortal = 24B71D9E148280C500898393 /* facebook-ios-sdk.xcodeproj */;
			proxyType = 2;
			remoteGlobalIDString = D2AAC07E0554694100DB518D;
			remoteInfo = "facebook-ios-sdk";
		};
/* End PBXContainerItemProxy section */

/* Begin PBXFileReference section */
		24A83AC3148202770098A6E8 /* libSTFacebook.a */ = {isa = PBXFileReference; explicitFileType = archive.ar; includeInIndex = 0; path = libSTFacebook.a; sourceTree = BUILT_PRODUCTS_DIR; };
		24A83AC6148202770098A6E8 /* Foundation.framework */ = {isa = PBXFileReference; lastKnownFileType = wrapper.framework; name = Foundation.framework; path = System/Library/Frameworks/Foundation.framework; sourceTree = SDKROOT; };
		24A83ACA148202770098A6E8 /* STFacebook-Prefix.pch */ = {isa = PBXFileReference; lastKnownFileType = sourcecode.c.h; path = "STFacebook-Prefix.pch"; sourceTree = "<group>"; };
		24A83ACB148202770098A6E8 /* STFacebook.h */ = {isa = PBXFileReference; lastKnownFileType = sourcecode.c.h; path = STFacebook.h; sourceTree = "<group>"; };
		24A83ACC148202770098A6E8 /* STFacebook.m */ = {isa = PBXFileReference; lastKnownFileType = sourcecode.c.objc; path = STFacebook.m; sourceTree = "<group>"; };
		24B71D9E148280C500898393 /* facebook-ios-sdk.xcodeproj */ = {isa = PBXFileReference; lastKnownFileType = "wrapper.pb-project"; name = "facebook-ios-sdk.xcodeproj"; path = "facebook-ios-sdk/src/facebook-ios-sdk.xcodeproj"; sourceTree = "<group>"; };
/* End PBXFileReference section */

/* Begin PBXFrameworksBuildPhase section */
		24A83AC0148202770098A6E8 /* Frameworks */ = {
			isa = PBXFrameworksBuildPhase;
			buildActionMask = 2147483647;
			files = (
				24A83AC7148202770098A6E8 /* Foundation.framework in Frameworks */,
			);
			runOnlyForDeploymentPostprocessing = 0;
		};
/* End PBXFrameworksBuildPhase section */

/* Begin PBXGroup section */
		24A83AB8148202760098A6E8 = {
			isa = PBXGroup;
			children = (
				24B71D9E148280C500898393 /* facebook-ios-sdk.xcodeproj */,
				24A83AC8148202770098A6E8 /* STFacebook */,
				24A83AC5148202770098A6E8 /* Frameworks */,
				24A83AC4148202770098A6E8 /* Products */,
			);
			sourceTree = "<group>";
		};
		24A83AC4148202770098A6E8 /* Products */ = {
			isa = PBXGroup;
			children = (
				24A83AC3148202770098A6E8 /* libSTFacebook.a */,
			);
			name = Products;
			sourceTree = "<group>";
		};
		24A83AC5148202770098A6E8 /* Frameworks */ = {
			isa = PBXGroup;
			children = (
				24A83AC6148202770098A6E8 /* Foundation.framework */,
			);
			name = Frameworks;
			sourceTree = "<group>";
		};
		24A83AC8148202770098A6E8 /* STFacebook */ = {
			isa = PBXGroup;
			children = (
				24A83ACB148202770098A6E8 /* STFacebook.h */,
				24A83ACC148202770098A6E8 /* STFacebook.m */,
				24A83AC9148202770098A6E8 /* Supporting Files */,
			);
			path = STFacebook;
			sourceTree = "<group>";
		};
		24A83AC9148202770098A6E8 /* Supporting Files */ = {
			isa = PBXGroup;
			children = (
				24A83ACA148202770098A6E8 /* STFacebook-Prefix.pch */,
			);
			name = "Supporting Files";
			sourceTree = "<group>";
		};
		24B71D9F148280C500898393 /* Products */ = {
			isa = PBXGroup;
			children = (
				24B71DA6148280C500898393 /* libfacebook_ios_sdk.a */,
			);
			name = Products;
			sourceTree = "<group>";
		};
/* End PBXGroup section */

/* Begin PBXHeadersBuildPhase section */
		24A83AC1148202770098A6E8 /* Headers */ = {
			isa = PBXHeadersBuildPhase;
			buildActionMask = 2147483647;
			files = (
			);
			runOnlyForDeploymentPostprocessing = 0;
		};
/* End PBXHeadersBuildPhase section */

/* Begin PBXNativeTarget section */
		24A83AC2148202770098A6E8 /* STFacebook */ = {
			isa = PBXNativeTarget;
			buildConfigurationList = 24A83AE7148202780098A6E8 /* Build configuration list for PBXNativeTarget "STFacebook" */;
			buildPhases = (
				24A83ABF148202770098A6E8 /* Sources */,
				24A83AC0148202770098A6E8 /* Frameworks */,
				24A83AC1148202770098A6E8 /* Headers */,
			);
			buildRules = (
			);
			dependencies = (
			);
			name = STFacebook;
			productName = STFacebook;
			productReference = 24A83AC3148202770098A6E8 /* libSTFacebook.a */;
			productType = "com.apple.product-type.library.static";
		};
/* End PBXNativeTarget section */

/* Begin PBXProject section */
		24A83ABA148202760098A6E8 /* Project object */ = {
			isa = PBXProject;
			attributes = {
				LastUpgradeCheck = 0420;
			};
			buildConfigurationList = 24A83ABD148202760098A6E8 /* Build configuration list for PBXProject "STFacebook" */;
			compatibilityVersion = "Xcode 3.2";
			developmentRegion = English;
			hasScannedForEncodings = 0;
			knownRegions = (
				en,
			);
			mainGroup = 24A83AB8148202760098A6E8;
			productRefGroup = 24A83AC4148202770098A6E8 /* Products */;
			projectDirPath = "";
			projectReferences = (
				{
					ProductGroup = 24B71D9F148280C500898393 /* Products */;
					ProjectRef = 24B71D9E148280C500898393 /* facebook-ios-sdk.xcodeproj */;
				},
			);
			projectRoot = "";
			targets = (
				24A83AC2148202770098A6E8 /* STFacebook */,
			);
		};
/* End PBXProject section */

/* Begin PBXReferenceProxy section */
		24B71DA6148280C500898393 /* libfacebook_ios_sdk.a */ = {
			isa = PBXReferenceProxy;
			fileType = archive.ar;
			path = libfacebook_ios_sdk.a;
			remoteRef = 24B71DA5148280C500898393 /* PBXContainerItemProxy */;
			sourceTree = BUILT_PRODUCTS_DIR;
		};
/* End PBXReferenceProxy section */

/* Begin PBXSourcesBuildPhase section */
		24A83ABF148202770098A6E8 /* Sources */ = {
			isa = PBXSourcesBuildPhase;
			buildActionMask = 2147483647;
			files = (
				24A83ACD148202770098A6E8 /* STFacebook.m in Sources */,
			);
			runOnlyForDeploymentPostprocessing = 0;
		};
/* End PBXSourcesBuildPhase section */

/* Begin XCBuildConfiguration section */
		24A83AE5148202780098A6E8 /* Debug */ = {
			isa = XCBuildConfiguration;
			buildSettings = {
				ALWAYS_SEARCH_USER_PATHS = NO;
				ARCHS = "$(ARCHS_STANDARD_32_BIT)";
				COPY_PHASE_STRIP = NO;
				GCC_C_LANGUAGE_STANDARD = gnu99;
				GCC_DYNAMIC_NO_PIC = NO;
				GCC_OPTIMIZATION_LEVEL = 0;
				GCC_PREPROCESSOR_DEFINITIONS = (
					"DEBUG=1",
					"$(inherited)",
				);
				GCC_SYMBOLS_PRIVATE_EXTERN = NO;
				GCC_VERSION = com.apple.compilers.llvm.clang.1_0;
				GCC_WARN_ABOUT_MISSING_PROTOTYPES = YES;
				GCC_WARN_ABOUT_RETURN_TYPE = YES;
				GCC_WARN_UNUSED_VARIABLE = YES;
				HEADER_SEARCH_PATHS = "$(PROJECT_DIR)/facebook-ios-sdk/src/**";
				IPHONEOS_DEPLOYMENT_TARGET = 5.0;
				SDKROOT = iphoneos;
			};
			name = Debug;
		};
		24A83AE6148202780098A6E8 /* Release */ = {
			isa = XCBuildConfiguration;
			buildSettings = {
				ALWAYS_SEARCH_USER_PATHS = NO;
				ARCHS = "$(ARCHS_STANDARD_32_BIT)";
				COPY_PHASE_STRIP = YES;
				GCC_C_LANGUAGE_STANDARD = gnu99;
				GCC_VERSION = com.apple.compilers.llvm.clang.1_0;
				GCC_WARN_ABOUT_MISSING_PROTOTYPES = YES;
				GCC_WARN_ABOUT_RETURN_TYPE = YES;
				GCC_WARN_UNUSED_VARIABLE = YES;
				HEADER_SEARCH_PATHS = "$(PROJECT_DIR)/facebook-ios-sdk/src/**";
				IPHONEOS_DEPLOYMENT_TARGET = 5.0;
				SDKROOT = iphoneos;
				VALIDATE_PRODUCT = YES;
			};
			name = Release;
		};
		24A83AE8148202780098A6E8 /* Debug */ = {
			isa = XCBuildConfiguration;
			buildSettings = {
				DSTROOT = /tmp/STFacebook.dst;
				GCC_PRECOMPILE_PREFIX_HEADER = YES;
				GCC_PREFIX_HEADER = "STFacebook/STFacebook-Prefix.pch";
				OTHER_LDFLAGS = "-ObjC";
				PRODUCT_NAME = "$(TARGET_NAME)";
				SKIP_INSTALL = YES;
			};
			name = Debug;
		};
		24A83AE9148202780098A6E8 /* Release */ = {
			isa = XCBuildConfiguration;
			buildSettings = {
				DSTROOT = /tmp/STFacebook.dst;
				GCC_PRECOMPILE_PREFIX_HEADER = YES;
				GCC_PREFIX_HEADER = "STFacebook/STFacebook-Prefix.pch";
				OTHER_LDFLAGS = "-ObjC";
				PRODUCT_NAME = "$(TARGET_NAME)";
				SKIP_INSTALL = YES;
			};
			name = Release;
		};
/* End XCBuildConfiguration section */

/* Begin XCConfigurationList section */
		24A83ABD148202760098A6E8 /* Build configuration list for PBXProject "STFacebook" */ = {
			isa = XCConfigurationList;
			buildConfigurations = (
				24A83AE5148202780098A6E8 /* Debug */,
				24A83AE6148202780098A6E8 /* Release */,
			);
			defaultConfigurationIsVisible = 0;
			defaultConfigurationName = Release;
		};
		24A83AE7148202780098A6E8 /* Build configuration list for PBXNativeTarget "STFacebook" */ = {
			isa = XCConfigurationList;
			buildConfigurations = (
				24A83AE8148202780098A6E8 /* Debug */,
				24A83AE9148202780098A6E8 /* Release */,
			);
			defaultConfigurationIsVisible = 0;
			defaultConfigurationName = Release;
		};
/* End XCConfigurationList section */
	};
	rootObject = 24A83ABA148202760098A6E8 /* Project object */;
}
